
Microsoft Visual Studio Solution File, Format Version 12.00
# Visual Studio Version 18
VisualStudioVersion = 18.5.11716.220
MinimumVisualStudioVersion = 10.0.40219.1
Project("{FAE04EC0-301F-11D3-BF4B-00C04F79EFBC}") = "GLMS", "GLMS.csproj", "{50A73D17-EB2D-3456-EE2C-69D311E19EA0}"
EndProject
Project("{FAE04EC0-301F-11D3-BF4B-00C04F79EFBC}") = "GLMS.API", "..\GLMS.API\GLMS.API.csproj", "{051FE4C3-6238-5E59-C3E5-A7260211D3D5}"
EndProject
Project("{FAE04EC0-301F-11D3-BF4B-00C04F79EFBC}") = "GLMS.Tests", "..\GLMS.Tests\GLMS.Tests.csproj", "{70F862FA-E487-809C-7C7D-B8772275FA92}"
EndProject
Global
	GlobalSection(SolutionConfigurationPlatforms) = preSolution
		Debug|Any CPU = Debug|Any CPU
		Release|Any CPU = Release|Any CPU
	EndGlobalSection
	GlobalSection(ProjectConfigurationPlatforms) = postSolution
		{50A73D17-EB2D-3456-EE2C-69D311E19EA0}.Debug|Any CPU.ActiveCfg = Debug|Any CPU
		{50A73D17-EB2D-3456-EE2C-69D311E19EA0}.Debug|Any CPU.Build.0 = Debug|Any CPU
		{50A73D17-EB2D-3456-EE2C-69D311E19EA0}.Release|Any CPU.ActiveCfg = Release|Any CPU
		{50A73D17-EB2D-3456-EE2C-69D311E19EA0}.Release|Any CPU.Build.0 = Release|Any CPU
		{051FE4C3-6238-5E59-C3E5-A7260211D3D5}.Debug|Any CPU.ActiveCfg = Debug|Any CPU
		{051FE4C3-6238-5E59-C3E5-A7260211D3D5}.Debug|Any CPU.Build.0 = Debug|Any CPU
		{051FE4C3-6238-5E59-C3E5-A7260211D3D5}.Release|Any CPU.ActiveCfg = Release|Any CPU
		{051FE4C3-6238-5E59-C3E5-A7260211D3D5}.Release|Any CPU.Build.0 = Release|Any CPU
		{70F862FA-E487-809C-7C7D-B8772275FA92}.Debug|Any CPU.ActiveCfg = Debug|Any CPU
		{70F862FA-E487-809C-7C7D-B8772275FA92}.Debug|Any CPU.Build.0 = Debug|Any CPU
		{70F862FA-E487-809C-7C7D-B8772275FA92}.Release|Any CPU.ActiveCfg = Release|Any CPU
		{70F862FA-E487-809C-7C7D-B8772275FA92}.Release|Any CPU.Build.0 = Release|Any CPU
	EndGlobalSection
	GlobalSection(SolutionProperties) = preSolution
		HideSolutionNode = FALSE
	EndGlobalSection
	GlobalSection(ExtensibilityGlobals) = postSolution
		SolutionGuid = {5FA85041-D3A8-4BD0-AC48-9CD32C3851BB}
	EndGlobalSection
EndGlobal
