
Microsoft Visual Studio Solution File, Format Version 12.00
# Visual Studio Version 18
VisualStudioVersion = 18.5.11716.220 stable
MinimumVisualStudioVersion = 10.0.40219.1
Project("{FAE04EC0-301F-11D3-BF4B-00C04F79EFBC}") = "GLMS.Tests", "GLMS.Tests.csproj", "{3B8B2AF4-8857-35F8-2D3C-A89DD386F7BE}"
EndProject
Global
	GlobalSection(SolutionConfigurationPlatforms) = preSolution
		Debug|Any CPU = Debug|Any CPU
		Release|Any CPU = Release|Any CPU
	EndGlobalSection
	GlobalSection(ProjectConfigurationPlatforms) = postSolution
		{3B8B2AF4-8857-35F8-2D3C-A89DD386F7BE}.Debug|Any CPU.ActiveCfg = Debug|Any CPU
		{3B8B2AF4-8857-35F8-2D3C-A89DD386F7BE}.Debug|Any CPU.Build.0 = Debug|Any CPU
		{3B8B2AF4-8857-35F8-2D3C-A89DD386F7BE}.Release|Any CPU.ActiveCfg = Release|Any CPU
		{3B8B2AF4-8857-35F8-2D3C-A89DD386F7BE}.Release|Any CPU.Build.0 = Release|Any CPU
	EndGlobalSection
	GlobalSection(SolutionProperties) = preSolution
		HideSolutionNode = FALSE
	EndGlobalSection
	GlobalSection(ExtensibilityGlobals) = postSolution
		SolutionGuid = {F5B5C6DC-5218-4DA4-A794-ABCC579DCBBD}
	EndGlobalSection
EndGlobal
